{
  "name": "MoonRiver_react",
  "lockfileVersion": 3,
  "requires": true,
  "packages": {
    "": {
      "dependencies": {
        "jsxstyle": "^2.5.2"
      }
    },
    "node_modules/csstype": {
      "version": "2.6.21",
      "resolved": "https://registry.npmjs.org/csstype/-/csstype-2.6.21.tgz",
      "integrity": "sha512-Z1PhmomIfypOpoMjRQB70jfvy/wxT50qW08YXO5lMIJkrdq4yOTR+AW7FqutScmB9NkLwxo+jU+kZLbofZZq/w==",
      "license": "MIT"
    },
    "node_modules/jsxstyle": {
      "version": "2.5.2",
      "resolved": "https://registry.npmjs.org/jsxstyle/-/jsxstyle-2.5.2.tgz",
      "integrity": "sha512-z3pyHaakwfHkE30kUC03qKlCUUVajjLewerE0UecLlIkK2KbeQDgcE/6hTqAvNAqxr8F2LfaE02aWHFDYg6qww==",
      "license": "Apache-2.0",
      "dependencies": {
        "jsxstyle-utils": "^2.5.0"
      }
    },
    "node_modules/jsxstyle-utils": {
      "version": "2.5.0",
      "resolved": "https://registry.npmjs.org/jsxstyle-utils/-/jsxstyle-utils-2.5.0.tgz",
      "integrity": "sha512-Egs051eTn+jywl4vqySypTAVaPOeIKqYnK8ACd7zFmSVXSvV0OdKELYm1DuztVaQiZNmtchF+dmTFocBMK5ntQ==",
      "license": "Apache-2.0",
      "dependencies": {
        "csstype": "^2.6.7"
      }
    }
  }
}
